
Microsoft Visual Studio Solution File, Format Version 11.00
# Visual Studio 2010
Project("{FAE04EC0-301F-11D3-BF4B-00C04F79EFBC}") = "zangaoApplication", "zangaoApplication\zangaoApplication.csproj", "{2375E7CA-9858-4972-97BE-AE1E1778F775}"
EndProject
Project("{FAE04EC0-301F-11D3-BF4B-00C04F79EFBC}") = "zangaoApplication.Tests", "zangaoApplication.Tests\zangaoApplication.Tests.csproj", "{FF60B31F-8EA4-4AFD-B4ED-68C164696C4E}"
EndProject
Global
	GlobalSection(SolutionConfigurationPlatforms) = preSolution
		Debug|Any CPU = Debug|Any CPU
		Release|Any CPU = Release|Any CPU
	EndGlobalSection
	GlobalSection(ProjectConfigurationPlatforms) = postSolution
		{2375E7CA-9858-4972-97BE-AE1E1778F775}.Debug|Any CPU.ActiveCfg = Debug|Any CPU
		{2375E7CA-9858-4972-97BE-AE1E1778F775}.Debug|Any CPU.Build.0 = Debug|Any CPU
		{2375E7CA-9858-4972-97BE-AE1E1778F775}.Release|Any CPU.ActiveCfg = Release|Any CPU
		{2375E7CA-9858-4972-97BE-AE1E1778F775}.Release|Any CPU.Build.0 = Release|Any CPU
		{FF60B31F-8EA4-4AFD-B4ED-68C164696C4E}.Debug|Any CPU.ActiveCfg = Debug|Any CPU
		{FF60B31F-8EA4-4AFD-B4ED-68C164696C4E}.Debug|Any CPU.Build.0 = Debug|Any CPU
		{FF60B31F-8EA4-4AFD-B4ED-68C164696C4E}.Release|Any CPU.ActiveCfg = Release|Any CPU
		{FF60B31F-8EA4-4AFD-B4ED-68C164696C4E}.Release|Any CPU.Build.0 = Release|Any CPU
	EndGlobalSection
	GlobalSection(SolutionProperties) = preSolution
		HideSolutionNode = FALSE
	EndGlobalSection
EndGlobal
